{
  "meteor": {
    "git": "https://github.com/meteor/meteor.git",
    "tag": "release/0.6.5.2",
    "commit": "dd39e1efaf66dd133fbf1c4ced3981cc05ff8817"
  },
  "dependencies": {
    "basePackages": {
      "router": {},
      "headers": {
        "git": "https://github.com/rochdale/meteor-headers.git",
        "branch": "override-method"
      }
    },
    "packages": {
      "router": {
        "git": "https://github.com/tmeasday/meteor-router.git",
        "tag": "v0.5.4.1",
        "commit": "d00e380dda2184b70e909fc4a0fb5358d602c586"
      },
      "headers": {
        "git": "https://github.com/rochdale/meteor-headers.git",
        "branch": "override-method",
        "commit": "a86b1c8f20e87cedcd25f49644a85ed6f52f9e4e"
      },
      "page-js-ie-support": {
        "git": "https://github.com/tmeasday/meteor-page-js-ie-support.git",
        "tag": "v1.3.5",
        "commit": "b99ed8380aefd10b2afc8f18d9eed4dd0d8ea9cb"
      },
      "HTML5-History-API": {
        "git": "https://github.com/tmeasday/meteor-HTML5-History-API.git",
        "tag": "v4.0.0",
        "commit": "dc4965f1424cfca625ec3fbea17eace03f8e32c5"
      }
    }
  }
}
